{
  "name": "test",
  "lockfileVersion": 3,
  "requires": true,
  "packages": {
    "": {
      "dependencies": {
        "@tidbcloud/serverless": "^0.1.1"
      }
    },
    "node_modules/@tidbcloud/serverless": {
      "version": "0.1.1",
      "resolved": "https://registry.npmjs.org/@tidbcloud/serverless/-/serverless-0.1.1.tgz",
      "integrity": "sha512-km2P5Mgr9nqVah5p5aMYbO3dBqecSwZ0AU7+BhJH+03L2eJO6qCATcBR8UHPuVLhA7GCt3CambKvVYK79pVQ2g==",
      "engines": {
        "node": ">=16"
      }
    }
  }
}
